
Microsoft Visual Studio Solution File, Format Version 12.00
# Visual Studio Version 17
VisualStudioVersion = 17.10.35122.118
MinimumVisualStudioVersion = 10.0.40219.1
Project("{FAE04EC0-301F-11D3-BF4B-00C04F79EFBC}") = "PrabhjotDemo", "PrabhjotDemo\PrabhjotDemo.csproj", "{8C33318D-1EF0-40C8-92FF-24571223FEFE}"
EndProject
Global
	GlobalSection(SolutionConfigurationPlatforms) = preSolution
		Debug|Any CPU = Debug|Any CPU
		Release|Any CPU = Release|Any CPU
	EndGlobalSection
	GlobalSection(ProjectConfigurationPlatforms) = postSolution
		{8C33318D-1EF0-40C8-92FF-24571223FEFE}.Debug|Any CPU.ActiveCfg = Debug|Any CPU
		{8C33318D-1EF0-40C8-92FF-24571223FEFE}.Debug|Any CPU.Build.0 = Debug|Any CPU
		{8C33318D-1EF0-40C8-92FF-24571223FEFE}.Release|Any CPU.ActiveCfg = Release|Any CPU
		{8C33318D-1EF0-40C8-92FF-24571223FEFE}.Release|Any CPU.Build.0 = Release|Any CPU
	EndGlobalSection
	GlobalSection(SolutionProperties) = preSolution
		HideSolutionNode = FALSE
	EndGlobalSection
	GlobalSection(ExtensibilityGlobals) = postSolution
		SolutionGuid = {EC4E9B99-E67D-45C8-9B5E-524588C060FA}
	EndGlobalSection
EndGlobal
